
Microsoft Visual Studio Solution File, Format Version 12.00
# Visual Studio Version 16
VisualStudioVersion = 16.0.32802.440
MinimumVisualStudioVersion = 10.0.40219.1
Project("{FAE04EC0-301F-11D3-BF4B-00C04F79EFBC}") = "connection-tester", "connection-tester\connection-tester.csproj", "{6DB1907E-49F8-4C55-801C-8DFC476EA84D}"
EndProject
Global
	GlobalSection(SolutionConfigurationPlatforms) = preSolution
		Debug|Any CPU = Debug|Any CPU
		Release|Any CPU = Release|Any CPU
	EndGlobalSection
	GlobalSection(ProjectConfigurationPlatforms) = postSolution
		{6DB1907E-49F8-4C55-801C-8DFC476EA84D}.Debug|Any CPU.ActiveCfg = Debug|Any CPU
		{6DB1907E-49F8-4C55-801C-8DFC476EA84D}.Debug|Any CPU.Build.0 = Debug|Any CPU
		{6DB1907E-49F8-4C55-801C-8DFC476EA84D}.Release|Any CPU.ActiveCfg = Release|Any CPU
		{6DB1907E-49F8-4C55-801C-8DFC476EA84D}.Release|Any CPU.Build.0 = Release|Any CPU
	EndGlobalSection
	GlobalSection(SolutionProperties) = preSolution
		HideSolutionNode = FALSE
	EndGlobalSection
	GlobalSection(ExtensibilityGlobals) = postSolution
		SolutionGuid = {8C79902C-02B8-4A4F-BA7C-CC64CD22C9F4}
	EndGlobalSection
EndGlobal
